
Microsoft Visual Studio Solution File, Format Version 12.00
# Visual Studio 15
VisualStudioVersion = 15.0.26430.15
MinimumVisualStudioVersion = 10.0.40219.1
Project("{FAE04EC0-301F-11D3-BF4B-00C04F79EFBC}") = "wfwork", "wfwork\wfwork.csproj", "{81148E80-00C1-46E6-AB32-45781973283C}"
EndProject
Project("{FAE04EC0-301F-11D3-BF4B-00C04F79EFBC}") = "דוח נהגים", "דוח נהגים\דוח נהגים.csproj", "{F2FD7D91-A14B-4F8D-A454-0AC76B5C0C29}"
EndProject
Global
	GlobalSection(SolutionConfigurationPlatforms) = preSolution
		Debug|Any CPU = Debug|Any CPU
		Release|Any CPU = Release|Any CPU
	EndGlobalSection
	GlobalSection(ProjectConfigurationPlatforms) = postSolution
		{81148E80-00C1-46E6-AB32-45781973283C}.Debug|Any CPU.ActiveCfg = Debug|Any CPU
		{81148E80-00C1-46E6-AB32-45781973283C}.Debug|Any CPU.Build.0 = Debug|Any CPU
		{81148E80-00C1-46E6-AB32-45781973283C}.Release|Any CPU.ActiveCfg = Release|Any CPU
		{81148E80-00C1-46E6-AB32-45781973283C}.Release|Any CPU.Build.0 = Release|Any CPU
		{F2FD7D91-A14B-4F8D-A454-0AC76B5C0C29}.Debug|Any CPU.ActiveCfg = Debug|Any CPU
		{F2FD7D91-A14B-4F8D-A454-0AC76B5C0C29}.Debug|Any CPU.Build.0 = Debug|Any CPU
		{F2FD7D91-A14B-4F8D-A454-0AC76B5C0C29}.Release|Any CPU.ActiveCfg = Release|Any CPU
		{F2FD7D91-A14B-4F8D-A454-0AC76B5C0C29}.Release|Any CPU.Build.0 = Release|Any CPU
	EndGlobalSection
	GlobalSection(SolutionProperties) = preSolution
		HideSolutionNode = FALSE
	EndGlobalSection
EndGlobal
